
Microsoft Visual Studio Solution File, Format Version 12.00
# Visual Studio Version 16
VisualStudioVersion = 16.0.31019.35
MinimumVisualStudioVersion = 10.0.40219.1
Project("{FAE04EC0-301F-11D3-BF4B-00C04F79EFBC}") = "OSancJoiner", "OSancJoiner\OSancJoiner.csproj", "{FABB748D-BF04-4FFD-A0D7-EAA87D9F0F1D}"
EndProject
Global
	GlobalSection(SolutionConfigurationPlatforms) = preSolution
		Debug|Any CPU = Debug|Any CPU
		Release|Any CPU = Release|Any CPU
	EndGlobalSection
	GlobalSection(ProjectConfigurationPlatforms) = postSolution
		{FABB748D-BF04-4FFD-A0D7-EAA87D9F0F1D}.Debug|Any CPU.ActiveCfg = Debug|Any CPU
		{FABB748D-BF04-4FFD-A0D7-EAA87D9F0F1D}.Debug|Any CPU.Build.0 = Debug|Any CPU
		{FABB748D-BF04-4FFD-A0D7-EAA87D9F0F1D}.Release|Any CPU.ActiveCfg = Release|Any CPU
		{FABB748D-BF04-4FFD-A0D7-EAA87D9F0F1D}.Release|Any CPU.Build.0 = Release|Any CPU
	EndGlobalSection
	GlobalSection(SolutionProperties) = preSolution
		HideSolutionNode = FALSE
	EndGlobalSection
	GlobalSection(ExtensibilityGlobals) = postSolution
		SolutionGuid = {AFFBD499-74A9-49EC-BACE-3B1048A828C7}
	EndGlobalSection
EndGlobal
